
Microsoft Visual Studio Solution File, Format Version 12.00
# Visual Studio 2013
VisualStudioVersion = 12.0.30723.0
MinimumVisualStudioVersion = 10.0.40219.1
Project("{2150E333-8FDC-42A3-9474-1A3956D46DE8}") = "Solution Items", "Solution Items", "{2C582B2C-34F7-4EFB-BED4-79903A7008CA}"
EndProject
Project("{2150E333-8FDC-42A3-9474-1A3956D46DE8}") = "Colors", "Colors", "{830D25AE-5230-4A09-9AE0-9CE349863EA0}"
	ProjectSection(SolutionItems) = preProject
		fourteen-colors\color-calculations.php = fourteen-colors\color-calculations.php
		fourteen-colors\color-patterns.php = fourteen-colors\color-patterns.php
		fourteen-colors\fourteen-colors.php = fourteen-colors\fourteen-colors.php
		fourteen-colors\mediaelements-genericons.css = fourteen-colors\mediaelements-genericons.css
		fourteen-colors\pattern-dark-inverse.svg = fourteen-colors\pattern-dark-inverse.svg
		fourteen-colors\readme.txt = fourteen-colors\readme.txt
	EndProjectSection
EndProject
Project("{E24C65DC-7377-472B-9ABA-BC803B73C61A}") = "twentyfourteen", "http://localhost:25791", "{6F73BBCA-C022-468A-B21B-4B8A42C4EC6A}"
	ProjectSection(WebsiteProperties) = preProject
		SccProjectName = "SAK"
		SccAuxPath = "SAK"
		SccLocalPath = "SAK"
		SccProvider = "SAK"
		UseIISExpress = "true"
		TargetFrameworkMoniker = ".NETFramework,Version%3Dv4.0"
		Debug.AspNetCompiler.VirtualPath = "/localhost_25791"
		Debug.AspNetCompiler.PhysicalPath = "twentyfourteen\"
		Debug.AspNetCompiler.TargetPath = "PrecompiledWeb\localhost_25791\"
		Debug.AspNetCompiler.Updateable = "true"
		Debug.AspNetCompiler.ForceOverwrite = "true"
		Debug.AspNetCompiler.FixedNames = "false"
		Debug.AspNetCompiler.Debug = "True"
		Release.AspNetCompiler.VirtualPath = "/localhost_25791"
		Release.AspNetCompiler.PhysicalPath = "twentyfourteen\"
		Release.AspNetCompiler.TargetPath = "PrecompiledWeb\localhost_25791\"
		Release.AspNetCompiler.Updateable = "true"
		Release.AspNetCompiler.ForceOverwrite = "true"
		Release.AspNetCompiler.FixedNames = "false"
		Release.AspNetCompiler.Debug = "False"
		SlnRelativePath = "twentyfourteen\"
	EndProjectSection
EndProject
Global
	GlobalSection(TeamFoundationVersionControl) = preSolution
		SccNumberOfProjects = 2
		SccEnterpriseProvider = {4CA58AB2-18FA-4F8D-95D4-32DDF27D184C}
		SccTeamFoundationServer = https://nkamoosi.visualstudio.com/defaultcollection
		SccLocalPath0 = .
		SccWebProject1 = true
		SccProjectUniqueName1 = http://localhost:25791
		SccProjectName1 = twentyfourteen
		SccLocalPath1 = twentyfourteen
		SccProjectEnlistmentChoice1 = 2
	EndGlobalSection
	GlobalSection(SolutionConfigurationPlatforms) = preSolution
		Debug|Any CPU = Debug|Any CPU
	EndGlobalSection
	GlobalSection(ProjectConfigurationPlatforms) = postSolution
		{6F73BBCA-C022-468A-B21B-4B8A42C4EC6A}.Debug|Any CPU.ActiveCfg = Debug|Any CPU
		{6F73BBCA-C022-468A-B21B-4B8A42C4EC6A}.Debug|Any CPU.Build.0 = Debug|Any CPU
	EndGlobalSection
	GlobalSection(SolutionProperties) = preSolution
		HideSolutionNode = FALSE
	EndGlobalSection
EndGlobal
